
Microsoft Visual Studio Solution File, Format Version 12.00
# Visual Studio Version 17
VisualStudioVersion = 17.10.34916.146
MinimumVisualStudioVersion = 10.0.40219.1
Project("{FAE04EC0-301F-11D3-BF4B-00C04F79EFBC}") = "RCF.Modulum.Infrastructure.Shared", "RCF.Modulum.Infrastructure.Shared.csproj", "{5E774806-722D-4375-88DB-27422C55B07A}"
EndProject
Global
	GlobalSection(SolutionConfigurationPlatforms) = preSolution
		Debug|Any CPU = Debug|Any CPU
		Release|Any CPU = Release|Any CPU
	EndGlobalSection
	GlobalSection(ProjectConfigurationPlatforms) = postSolution
		{5E774806-722D-4375-88DB-27422C55B07A}.Debug|Any CPU.ActiveCfg = Debug|Any CPU
		{5E774806-722D-4375-88DB-27422C55B07A}.Debug|Any CPU.Build.0 = Debug|Any CPU
		{5E774806-722D-4375-88DB-27422C55B07A}.Release|Any CPU.ActiveCfg = Release|Any CPU
		{5E774806-722D-4375-88DB-27422C55B07A}.Release|Any CPU.Build.0 = Release|Any CPU
	EndGlobalSection
	GlobalSection(SolutionProperties) = preSolution
		HideSolutionNode = FALSE
	EndGlobalSection
	GlobalSection(ExtensibilityGlobals) = postSolution
		SolutionGuid = {495A77FF-2F8F-4A19-B0F2-B8F60B1619BA}
	EndGlobalSection
EndGlobal
